// !$*UTF8*$!
{
	archiveVersion = 1;
	classes = {
	};
	objectVersion = 50;
	objects = {

/* Begin PBXBuildFile section */
		EE6EB2D924C992F200409A79 /* AppDelegate.swift in Sources */ = {isa = PBXBuildFile; fileRef = EE6EB2D824C992F200409A79 /* AppDelegate.swift */; };
		EE6EB2DB24C992F200409A79 /* SceneDelegate.swift in Sources */ = {isa = PBXBuildFile; fileRef = EE6EB2DA24C992F200409A79 /* SceneDelegate.swift */; };
		EE6EB2DE24C992F200409A79 /* LessonTwo_SwiftUI.xcdatamodeld in Sources */ = {isa = PBXBuildFile; fileRef = EE6EB2DC24C992F200409A79 /* LessonTwo_SwiftUI.xcdatamodeld */; };
		EE6EB2E024C992F200409A79 /* ContentView.swift in Sources */ = {isa = PBXBuildFile; fileRef = EE6EB2DF24C992F200409A79 /* ContentView.swift */; };
		EE6EB2E224C992F700409A79 /* Assets.xcassets in Resources */ = {isa = PBXBuildFile; fileRef = EE6EB2E124C992F700409A79 /* Assets.xcassets */; };
		EE6EB2E524C992F700409A79 /* Preview Assets.xcassets in Resources */ = {isa = PBXBuildFile; fileRef = EE6EB2E424C992F700409A79 /* Preview Assets.xcassets */; };
		EE6EB2E824C992F700409A79 /* LaunchScreen.storyboard in Resources */ = {isa = PBXBuildFile; fileRef = EE6EB2E624C992F700409A79 /* LaunchScreen.storyboard */; };
		EE6EB2F024C9937000409A79 /* ColorView.swift in Sources */ = {isa = PBXBuildFile; fileRef = EE6EB2EF24C9937000409A79 /* ColorView.swift */; };
		EE6EB2F224C9957900409A79 /* Extension + View.swift in Sources */ = {isa = PBXBuildFile; fileRef = EE6EB2F124C9957900409A79 /* Extension + View.swift */; };
		EE6EB2F424C99D7600409A79 /* SliderView.swift in Sources */ = {isa = PBXBuildFile; fileRef = EE6EB2F324C99D7600409A79 /* SliderView.swift */; };
		EE6EB2F624C9CDA000409A79 /* ColorTextField.swift in Sources */ = {isa = PBXBuildFile; fileRef = EE6EB2F524C9CDA000409A79 /* ColorTextField.swift */; };
/* End PBXBuildFile section */

/* Begin PBXFileReference section */
		EE6EB2D524C992F200409A79 /* LessonTwo_SwiftUI.app */ = {isa = PBXFileReference; explicitFileType = wrapper.application; includeInIndex = 0; path = LessonTwo_SwiftUI.app; sourceTree = BUILT_PRODUCTS_DIR; };
		EE6EB2D824C992F200409A79 /* AppDelegate.swift */ = {isa = PBXFileReference; lastKnownFileType = sourcecode.swift; path = AppDelegate.swift; sourceTree = "<group>"; };
		EE6EB2DA24C992F200409A79 /* SceneDelegate.swift */ = {isa = PBXFileReference; lastKnownFileType = sourcecode.swift; path = SceneDelegate.swift; sourceTree = "<group>"; };
		EE6EB2DD24C992F200409A79 /* LessonTwo_SwiftUI.xcdatamodel */ = {isa = PBXFileReference; lastKnownFileType = wrapper.xcdatamodel; path = LessonTwo_SwiftUI.xcdatamodel; sourceTree = "<group>"; };
		EE6EB2DF24C992F200409A79 /* ContentView.swift */ = {isa = PBXFileReference; lastKnownFileType = sourcecode.swift; path = ContentView.swift; sourceTree = "<group>"; };
		EE6EB2E124C992F700409A79 /* Assets.xcassets */ = {isa = PBXFileReference; lastKnownFileType = folder.assetcatalog; path = Assets.xcassets; sourceTree = "<group>"; };
		EE6EB2E424C992F700409A79 /* Preview Assets.xcassets */ = {isa = PBXFileReference; lastKnownFileType = folder.assetcatalog; path = "Preview Assets.xcassets"; sourceTree = "<group>"; };
		EE6EB2E724C992F700409A79 /* Base */ = {isa = PBXFileReference; lastKnownFileType = file.storyboard; name = Base; path = Base.lproj/LaunchScreen.storyboard; sourceTree = "<group>"; };
		EE6EB2E924C992F700409A79 /* Info.plist */ = {isa = PBXFileReference; lastKnownFileType = text.plist.xml; path = Info.plist; sourceTree = "<group>"; };
		EE6EB2EF24C9937000409A79 /* ColorView.swift */ = {isa = PBXFileReference; lastKnownFileType = sourcecode.swift; path = ColorView.swift; sourceTree = "<group>"; };
		EE6EB2F124C9957900409A79 /* Extension + View.swift */ = {isa = PBXFileReference; lastKnownFileType = sourcecode.swift; path = "Extension + View.swift"; sourceTree = "<group>"; };
		EE6EB2F324C99D7600409A79 /* SliderView.swift */ = {isa = PBXFileReference; lastKnownFileType = sourcecode.swift; path = SliderView.swift; sourceTree = "<group>"; };
		EE6EB2F524C9CDA000409A79 /* ColorTextField.swift */ = {isa = PBXFileReference; lastKnownFileType = sourcecode.swift; path = ColorTextField.swift; sourceTree = "<group>"; };
/* End PBXFileReference section */

/* Begin PBXFrameworksBuildPhase section */
		EE6EB2D224C992F200409A79 /* Frameworks */ = {
			isa = PBXFrameworksBuildPhase;
			buildActionMask = 2147483647;
			files = (
			);
			runOnlyForDeploymentPostprocessing = 0;
		};
/* End PBXFrameworksBuildPhase section */

/* Begin PBXGroup section */
		EE6EB2CC24C992F200409A79 = {
			isa = PBXGroup;
			children = (
				EE6EB2D724C992F200409A79 /* LessonTwo_SwiftUI */,
				EE6EB2D624C992F200409A79 /* Products */,
			);
			sourceTree = "<group>";
		};
		EE6EB2D624C992F200409A79 /* Products */ = {
			isa = PBXGroup;
			children = (
				EE6EB2D524C992F200409A79 /* LessonTwo_SwiftUI.app */,
			);
			name = Products;
			sourceTree = "<group>";
		};
		EE6EB2D724C992F200409A79 /* LessonTwo_SwiftUI */ = {
			isa = PBXGroup;
			children = (
				EE6EB2D824C992F200409A79 /* AppDelegate.swift */,
				EE6EB2DA24C992F200409A79 /* SceneDelegate.swift */,
				EE6EB2DF24C992F200409A79 /* ContentView.swift */,
				EE6EB2F324C99D7600409A79 /* SliderView.swift */,
				EE6EB2F524C9CDA000409A79 /* ColorTextField.swift */,
				EE6EB2EF24C9937000409A79 /* ColorView.swift */,
				EE6EB2F124C9957900409A79 /* Extension + View.swift */,
				EE6EB2E124C992F700409A79 /* Assets.xcassets */,
				EE6EB2E624C992F700409A79 /* LaunchScreen.storyboard */,
				EE6EB2E924C992F700409A79 /* Info.plist */,
				EE6EB2DC24C992F200409A79 /* LessonTwo_SwiftUI.xcdatamodeld */,
				EE6EB2E324C992F700409A79 /* Preview Content */,
			);
			path = LessonTwo_SwiftUI;
			sourceTree = "<group>";
		};
		EE6EB2E324C992F700409A79 /* Preview Content */ = {
			isa = PBXGroup;
			children = (
				EE6EB2E424C992F700409A79 /* Preview Assets.xcassets */,
			);
			path = "Preview Content";
			sourceTree = "<group>";
		};
/* End PBXGroup section */

/* Begin PBXNativeTarget section */
		EE6EB2D424C992F200409A79 /* LessonTwo_SwiftUI */ = {
			isa = PBXNativeTarget;
			buildConfigurationList = EE6EB2EC24C992F700409A79 /* Build configuration list for PBXNativeTarget "LessonTwo_SwiftUI" */;
			buildPhases = (
				EE6EB2D124C992F200409A79 /* Sources */,
				EE6EB2D224C992F200409A79 /* Frameworks */,
				EE6EB2D324C992F200409A79 /* Resources */,
			);
			buildRules = (
			);
			dependencies = (
			);
			name = LessonTwo_SwiftUI;
			productName = LessonTwo_SwiftUI;
			productReference = EE6EB2D524C992F200409A79 /* LessonTwo_SwiftUI.app */;
			productType = "com.apple.product-type.application";
		};
/* End PBXNativeTarget section */

/* Begin PBXProject section */
		EE6EB2CD24C992F200409A79 /* Project object */ = {
			isa = PBXProject;
			attributes = {
				LastSwiftUpdateCheck = 1140;
				LastUpgradeCheck = 1140;
				ORGANIZATIONNAME = "Кирилл Крамар";
				TargetAttributes = {
					EE6EB2D424C992F200409A79 = {
						CreatedOnToolsVersion = 11.4;
					};
				};
			};
			buildConfigurationList = EE6EB2D024C992F200409A79 /* Build configuration list for PBXProject "LessonTwo_SwiftUI" */;
			compatibilityVersion = "Xcode 9.3";
			developmentRegion = en;
			hasScannedForEncodings = 0;
			knownRegions = (
				en,
				Base,
			);
			mainGroup = EE6EB2CC24C992F200409A79;
			productRefGroup = EE6EB2D624C992F200409A79 /* Products */;
			projectDirPath = "";
			projectRoot = "";
			targets = (
				EE6EB2D424C992F200409A79 /* LessonTwo_SwiftUI */,
			);
		};
/* End PBXProject section */

/* Begin PBXResourcesBuildPhase section */
		EE6EB2D324C992F200409A79 /* Resources */ = {
			isa = PBXResourcesBuildPhase;
			buildActionMask = 2147483647;
			files = (
				EE6EB2E824C992F700409A79 /* LaunchScreen.storyboard in Resources */,
				EE6EB2E524C992F700409A79 /* Preview Assets.xcassets in Resources */,
				EE6EB2E224C992F700409A79 /* Assets.xcassets in Resources */,
			);
			runOnlyForDeploymentPostprocessing = 0;
		};
/* End PBXResourcesBuildPhase section */

/* Begin PBXSourcesBuildPhase section */
		EE6EB2D124C992F200409A79 /* Sources */ = {
			isa = PBXSourcesBuildPhase;
			buildActionMask = 2147483647;
			files = (
				EE6EB2DE24C992F200409A79 /* LessonTwo_SwiftUI.xcdatamodeld in Sources */,
				EE6EB2D924C992F200409A79 /* AppDelegate.swift in Sources */,
				EE6EB2E024C992F200409A79 /* ContentView.swift in Sources */,
				EE6EB2DB24C992F200409A79 /* SceneDelegate.swift in Sources */,
				EE6EB2F224C9957900409A79 /* Extension + View.swift in Sources */,
				EE6EB2F024C9937000409A79 /* ColorView.swift in Sources */,
				EE6EB2F424C99D7600409A79 /* SliderView.swift in Sources */,
				EE6EB2F624C9CDA000409A79 /* ColorTextField.swift in Sources */,
			);
			runOnlyForDeploymentPostprocessing = 0;
		};
/* End PBXSourcesBuildPhase section */

/* Begin PBXVariantGroup section */
		EE6EB2E624C992F700409A79 /* LaunchScreen.storyboard */ = {
			isa = PBXVariantGroup;
			children = (
				EE6EB2E724C992F700409A79 /* Base */,
			);
			name = LaunchScreen.storyboard;
			sourceTree = "<group>";
		};
/* End PBXVariantGroup section */

/* Begin XCBuildConfiguration section */
		EE6EB2EA24C992F700409A79 /* Debug */ = {
			isa = XCBuildConfiguration;
			buildSettings = {
				ALWAYS_SEARCH_USER_PATHS = NO;
				CLANG_ANALYZER_NONNULL = YES;
				CLANG_ANALYZER_NUMBER_OBJECT_CONVERSION = YES_AGGRESSIVE;
				CLANG_CXX_LANGUAGE_STANDARD = "gnu++14";
				CLANG_CXX_LIBRARY = "libc++";
				CLANG_ENABLE_MODULES = YES;
				CLANG_ENABLE_OBJC_ARC = YES;
				CLANG_ENABLE_OBJC_WEAK = YES;
				CLANG_WARN_BLOCK_CAPTURE_AUTORELEASING = YES;
				CLANG_WARN_BOOL_CONVERSION = YES;
				CLANG_WARN_COMMA = YES;
				CLANG_WARN_CONSTANT_CONVERSION = YES;
				CLANG_WARN_DEPRECATED_OBJC_IMPLEMENTATIONS = YES;
				CLANG_WARN_DIRECT_OBJC_ISA_USAGE = YES_ERROR;
				CLANG_WARN_DOCUMENTATION_COMMENTS = YES;
				CLANG_WARN_EMPTY_BODY = YES;
				CLANG_WARN_ENUM_CONVERSION = YES;
				CLANG_WARN_INFINITE_RECURSION = YES;
				CLANG_WARN_INT_CONVERSION = YES;
				CLANG_WARN_NON_LITERAL_NULL_CONVERSION = YES;
				CLANG_WARN_OBJC_IMPLICIT_RETAIN_SELF = YES;
				CLANG_WARN_OBJC_LITERAL_CONVERSION = YES;
				CLANG_WARN_OBJC_ROOT_CLASS = YES_ERROR;
				CLANG_WARN_RANGE_LOOP_ANALYSIS = YES;
				CLANG_WARN_STRICT_PROTOTYPES = YES;
				CLANG_WARN_SUSPICIOUS_MOVE = YES;
				CLANG_WARN_UNGUARDED_AVAILABILITY = YES_AGGRESSIVE;
				CLANG_WARN_UNREACHABLE_CODE = YES;
				CLANG_WARN__DUPLICATE_METHOD_MATCH = YES;
				COPY_PHASE_STRIP = NO;
				DEBUG_INFORMATION_FORMAT = dwarf;
				ENABLE_STRICT_OBJC_MSGSEND = YES;
				ENABLE_TESTABILITY = YES;
				GCC_C_LANGUAGE_STANDARD = gnu11;
				GCC_DYNAMIC_NO_PIC = NO;
				GCC_NO_COMMON_BLOCKS = YES;
				GCC_OPTIMIZATION_LEVEL = 0;
				GCC_PREPROCESSOR_DEFINITIONS = (
					"DEBUG=1",
					"$(inherited)",
				);
				GCC_WARN_64_TO_32_BIT_CONVERSION = YES;
				GCC_WARN_ABOUT_RETURN_TYPE = YES_ERROR;
				GCC_WARN_UNDECLARED_SELECTOR = YES;
				GCC_WARN_UNINITIALIZED_AUTOS = YES_AGGRESSIVE;
				GCC_WARN_UNUSED_FUNCTION = YES;
				GCC_WARN_UNUSED_VARIABLE = YES;
				IPHONEOS_DEPLOYMENT_TARGET = 13.4;
				MTL_ENABLE_DEBUG_INFO = INCLUDE_SOURCE;
				MTL_FAST_MATH = YES;
				ONLY_ACTIVE_ARCH = YES;
				SDKROOT = iphoneos;
				SWIFT_ACTIVE_COMPILATION_CONDITIONS = DEBUG;
				SWIFT_OPTIMIZATION_LEVEL = "-Onone";
			};
			name = Debug;
		};
		EE6EB2EB24C992F700409A79 /* Release */ = {
			isa = XCBuildConfiguration;
			buildSettings = {
				ALWAYS_SEARCH_USER_PATHS = NO;
				CLANG_ANALYZER_NONNULL = YES;
				CLANG_ANALYZER_NUMBER_OBJECT_CONVERSION = YES_AGGRESSIVE;
				CLANG_CXX_LANGUAGE_STANDARD = "gnu++14";
				CLANG_CXX_LIBRARY = "libc++";
				CLANG_ENABLE_MODULES = YES;
				CLANG_ENABLE_OBJC_ARC = YES;
				CLANG_ENABLE_OBJC_WEAK = YES;
				CLANG_WARN_BLOCK_CAPTURE_AUTORELEASING = YES;
				CLANG_WARN_BOOL_CONVERSION = YES;
				CLANG_WARN_COMMA = YES;
				CLANG_WARN_CONSTANT_CONVERSION = YES;
				CLANG_WARN_DEPRECATED_OBJC_IMPLEMENTATIONS = YES;
				CLANG_WARN_DIRECT_OBJC_ISA_USAGE = YES_ERROR;
				CLANG_WARN_DOCUMENTATION_COMMENTS = YES;
				CLANG_WARN_EMPTY_BODY = YES;
				CLANG_WARN_ENUM_CONVERSION = YES;
				CLANG_WARN_INFINITE_RECURSION = YES;
				CLANG_WARN_INT_CONVERSION = YES;
				CLANG_WARN_NON_LITERAL_NULL_CONVERSION = YES;
				CLANG_WARN_OBJC_IMPLICIT_RETAIN_SELF = YES;
				CLANG_WARN_OBJC_LITERAL_CONVERSION = YES;
				CLANG_WARN_OBJC_ROOT_CLASS = YES_ERROR;
				CLANG_WARN_RANGE_LOOP_ANALYSIS = YES;
				CLANG_WARN_STRICT_PROTOTYPES = YES;
				CLANG_WARN_SUSPICIOUS_MOVE = YES;
				CLANG_WARN_UNGUARDED_AVAILABILITY = YES_AGGRESSIVE;
				CLANG_WARN_UNREACHABLE_CODE = YES;
				CLANG_WARN__DUPLICATE_METHOD_MATCH = YES;
				COPY_PHASE_STRIP = NO;
				DEBUG_INFORMATION_FORMAT = "dwarf-with-dsym";
				ENABLE_NS_ASSERTIONS = NO;
				ENABLE_STRICT_OBJC_MSGSEND = YES;
				GCC_C_LANGUAGE_STANDARD = gnu11;
				GCC_NO_COMMON_BLOCKS = YES;
				GCC_WARN_64_TO_32_BIT_CONVERSION = YES;
				GCC_WARN_ABOUT_RETURN_TYPE = YES_ERROR;
				GCC_WARN_UNDECLARED_SELECTOR = YES;
				GCC_WARN_UNINITIALIZED_AUTOS = YES_AGGRESSIVE;
				GCC_WARN_UNUSED_FUNCTION = YES;
				GCC_WARN_UNUSED_VARIABLE = YES;
				IPHONEOS_DEPLOYMENT_TARGET = 13.4;
				MTL_ENABLE_DEBUG_INFO = NO;
				MTL_FAST_MATH = YES;
				SDKROOT = iphoneos;
				SWIFT_COMPILATION_MODE = wholemodule;
				SWIFT_OPTIMIZATION_LEVEL = "-O";
				VALIDATE_PRODUCT = YES;
			};
			name = Release;
		};
		EE6EB2ED24C992F700409A79 /* Debug */ = {
			isa = XCBuildConfiguration;
			buildSettings = {
				ASSETCATALOG_COMPILER_APPICON_NAME = AppIcon;
				CODE_SIGN_STYLE = Automatic;
				DEVELOPMENT_ASSET_PATHS = "\"LessonTwo_SwiftUI/Preview Content\"";
				ENABLE_PREVIEWS = YES;
				INFOPLIST_FILE = LessonTwo_SwiftUI/Info.plist;
				LD_RUNPATH_SEARCH_PATHS = (
					"$(inherited)",
					"@executable_path/Frameworks",
				);
				PRODUCT_BUNDLE_IDENTIFIER = "cnecie.LessonTwo-SwiftUI";
				PRODUCT_NAME = "$(TARGET_NAME)";
				SWIFT_VERSION = 5.0;
				TARGETED_DEVICE_FAMILY = "1,2";
			};
			name = Debug;
		};
		EE6EB2EE24C992F700409A79 /* Release */ = {
			isa = XCBuildConfiguration;
			buildSettings = {
				ASSETCATALOG_COMPILER_APPICON_NAME = AppIcon;
				CODE_SIGN_STYLE = Automatic;
				DEVELOPMENT_ASSET_PATHS = "\"LessonTwo_SwiftUI/Preview Content\"";
				ENABLE_PREVIEWS = YES;
				INFOPLIST_FILE = LessonTwo_SwiftUI/Info.plist;
				LD_RUNPATH_SEARCH_PATHS = (
					"$(inherited)",
					"@executable_path/Frameworks",
				);
				PRODUCT_BUNDLE_IDENTIFIER = "cnecie.LessonTwo-SwiftUI";
				PRODUCT_NAME = "$(TARGET_NAME)";
				SWIFT_VERSION = 5.0;
				TARGETED_DEVICE_FAMILY = "1,2";
			};
			name = Release;
		};
/* End XCBuildConfiguration section */

/* Begin XCConfigurationList section */
		EE6EB2D024C992F200409A79 /* Build configuration list for PBXProject "LessonTwo_SwiftUI" */ = {
			isa = XCConfigurationList;
			buildConfigurations = (
				EE6EB2EA24C992F700409A79 /* Debug */,
				EE6EB2EB24C992F700409A79 /* Release */,
			);
			defaultConfigurationIsVisible = 0;
			defaultConfigurationName = Release;
		};
		EE6EB2EC24C992F700409A79 /* Build configuration list for PBXNativeTarget "LessonTwo_SwiftUI" */ = {
			isa = XCConfigurationList;
			buildConfigurations = (
				EE6EB2ED24C992F700409A79 /* Debug */,
				EE6EB2EE24C992F700409A79 /* Release */,
			);
			defaultConfigurationIsVisible = 0;
			defaultConfigurationName = Release;
		};
/* End XCConfigurationList section */

/* Begin XCVersionGroup section */
		EE6EB2DC24C992F200409A79 /* LessonTwo_SwiftUI.xcdatamodeld */ = {
			isa = XCVersionGroup;
			children = (
				EE6EB2DD24C992F200409A79 /* LessonTwo_SwiftUI.xcdatamodel */,
			);
			currentVersion = EE6EB2DD24C992F200409A79 /* LessonTwo_SwiftUI.xcdatamodel */;
			path = LessonTwo_SwiftUI.xcdatamodeld;
			sourceTree = "<group>";
			versionGroupType = wrapper.xcdatamodel;
		};
/* End XCVersionGroup section */
	};
	rootObject = EE6EB2CD24C992F200409A79 /* Project object */;
}
